
Microsoft Visual Studio Solution File, Format Version 12.00
# Visual Studio 15
VisualStudioVersion = 15.0.28307.271
MinimumVisualStudioVersion = 10.0.40219.1
Project("{FAE04EC0-301F-11D3-BF4B-00C04F79EFBC}") = "WpfApplication", "WpfApplication\WpfApplication.csproj", "{4F29D5F7-2E8C-4542-9761-B21678056B8D}"
EndProject
Project("{FAE04EC0-301F-11D3-BF4B-00C04F79EFBC}") = "WcfServices", "WcfServices\WcfServices.csproj", "{997F6B37-9C9E-4693-B7E6-CF5286C3EC94}"
EndProject
Project("{9A19103F-16F7-4668-BE54-9A1E7A4F7556}") = "Platform", "Platform\Platform.csproj", "{F302B6A2-AF7C-4141-83CD-1F511F8C2DF1}"
EndProject
Global
	GlobalSection(SolutionConfigurationPlatforms) = preSolution
		Debug|Any CPU = Debug|Any CPU
		Release|Any CPU = Release|Any CPU
	EndGlobalSection
	GlobalSection(ProjectConfigurationPlatforms) = postSolution
		{4F29D5F7-2E8C-4542-9761-B21678056B8D}.Debug|Any CPU.ActiveCfg = Debug|Any CPU
		{4F29D5F7-2E8C-4542-9761-B21678056B8D}.Debug|Any CPU.Build.0 = Debug|Any CPU
		{4F29D5F7-2E8C-4542-9761-B21678056B8D}.Release|Any CPU.ActiveCfg = Release|Any CPU
		{4F29D5F7-2E8C-4542-9761-B21678056B8D}.Release|Any CPU.Build.0 = Release|Any CPU
		{997F6B37-9C9E-4693-B7E6-CF5286C3EC94}.Debug|Any CPU.ActiveCfg = Debug|Any CPU
		{997F6B37-9C9E-4693-B7E6-CF5286C3EC94}.Debug|Any CPU.Build.0 = Debug|Any CPU
		{997F6B37-9C9E-4693-B7E6-CF5286C3EC94}.Release|Any CPU.ActiveCfg = Release|Any CPU
		{997F6B37-9C9E-4693-B7E6-CF5286C3EC94}.Release|Any CPU.Build.0 = Release|Any CPU
		{F302B6A2-AF7C-4141-83CD-1F511F8C2DF1}.Debug|Any CPU.ActiveCfg = Debug|Any CPU
		{F302B6A2-AF7C-4141-83CD-1F511F8C2DF1}.Debug|Any CPU.Build.0 = Debug|Any CPU
		{F302B6A2-AF7C-4141-83CD-1F511F8C2DF1}.Release|Any CPU.ActiveCfg = Release|Any CPU
		{F302B6A2-AF7C-4141-83CD-1F511F8C2DF1}.Release|Any CPU.Build.0 = Release|Any CPU
	EndGlobalSection
	GlobalSection(SolutionProperties) = preSolution
		HideSolutionNode = FALSE
	EndGlobalSection
	GlobalSection(ExtensibilityGlobals) = postSolution
		SolutionGuid = {7199F4E3-29CF-4DDE-8417-5399A8420A79}
	EndGlobalSection
EndGlobal
